
Microsoft Visual Studio Solution File, Format Version 12.00
# Visual Studio Version 16
VisualStudioVersion = 16.0.32428.217
MinimumVisualStudioVersion = 10.0.40219.1
Project("{FAE04EC0-301F-11D3-BF4B-00C04F79EFBC}") = "habitTracker", "habitTracker\habitTracker.csproj", "{3C3CC711-02A5-4E94-AE6B-F843D5CD78BE}"
EndProject
Global
	GlobalSection(SolutionConfigurationPlatforms) = preSolution
		Debug|Any CPU = Debug|Any CPU
		Release|Any CPU = Release|Any CPU
	EndGlobalSection
	GlobalSection(ProjectConfigurationPlatforms) = postSolution
		{3C3CC711-02A5-4E94-AE6B-F843D5CD78BE}.Debug|Any CPU.ActiveCfg = Debug|Any CPU
		{3C3CC711-02A5-4E94-AE6B-F843D5CD78BE}.Debug|Any CPU.Build.0 = Debug|Any CPU
		{3C3CC711-02A5-4E94-AE6B-F843D5CD78BE}.Release|Any CPU.ActiveCfg = Release|Any CPU
		{3C3CC711-02A5-4E94-AE6B-F843D5CD78BE}.Release|Any CPU.Build.0 = Release|Any CPU
	EndGlobalSection
	GlobalSection(SolutionProperties) = preSolution
		HideSolutionNode = FALSE
	EndGlobalSection
	GlobalSection(ExtensibilityGlobals) = postSolution
		SolutionGuid = {49C1F064-550A-4F5A-AD62-3CC340932329}
	EndGlobalSection
EndGlobal
